// !$*UTF8*$!
{
	archiveVersion = 1;
	classes = {
	};
	objectVersion = 50;
	objects = {

/* Begin PBXBuildFile section */
		8568BDDE30D4B35980722522 /* Pods_whereToGoApp.framework in Frameworks */ = {isa = PBXBuildFile; fileRef = F2B9F30EB2E063F5F5941EBC /* Pods_whereToGoApp.framework */; };
		FA03B754227D76280071A7E5 /* DetailEventViewController.swift in Sources */ = {isa = PBXBuildFile; fileRef = FA03B753227D76280071A7E5 /* DetailEventViewController.swift */; };
		FA3E4B14223BAB310032861B /* SF-Pro-Text-Semibold.ttf in Resources */ = {isa = PBXBuildFile; fileRef = FA3E4B13223BAB310032861B /* SF-Pro-Text-Semibold.ttf */; };
		FA3E4B16223C457F0032861B /* DateParser.swift in Sources */ = {isa = PBXBuildFile; fileRef = FA3E4B15223C457F0032861B /* DateParser.swift */; };
		FA3E4B192240357A0032861B /* UIButtonExtension.swift in Sources */ = {isa = PBXBuildFile; fileRef = FA3E4B182240357A0032861B /* UIButtonExtension.swift */; };
		FA4285F122457DAF00E2607C /* ImageCollectionCell.swift in Sources */ = {isa = PBXBuildFile; fileRef = FA4285EF22457DAF00E2607C /* ImageCollectionCell.swift */; };
		FA4285F222457DAF00E2607C /* ImageCollectionCell.xib in Resources */ = {isa = PBXBuildFile; fileRef = FA4285F022457DAF00E2607C /* ImageCollectionCell.xib */; };
		FA4285F4224580BC00E2607C /* ImageCollectionViewAdapter.swift in Sources */ = {isa = PBXBuildFile; fileRef = FA4285F3224580BC00E2607C /* ImageCollectionViewAdapter.swift */; };
		FA5D318D22253B3B006A8F2F /* ContentCell.swift in Sources */ = {isa = PBXBuildFile; fileRef = FA5D318B22253B3B006A8F2F /* ContentCell.swift */; };
		FA5D318E22253B3B006A8F2F /* ContentCell.xib in Resources */ = {isa = PBXBuildFile; fileRef = FA5D318C22253B3B006A8F2F /* ContentCell.xib */; };
		FA5D3196222A7366006A8F2F /* SF-Pro-Display-Medium.otf in Resources */ = {isa = PBXBuildFile; fileRef = FA5D3194222A7366006A8F2F /* SF-Pro-Display-Medium.otf */; };
		FA5D3197222A7366006A8F2F /* SF-Pro-Text-Regular.ttf in Resources */ = {isa = PBXBuildFile; fileRef = FA5D3195222A7366006A8F2F /* SF-Pro-Text-Regular.ttf */; };
		FA900D8D221B0B0500A03128 /* AppDelegate.swift in Sources */ = {isa = PBXBuildFile; fileRef = FA900D8C221B0B0500A03128 /* AppDelegate.swift */; };
		FA900D8F221B0B0500A03128 /* EventsViewController.swift in Sources */ = {isa = PBXBuildFile; fileRef = FA900D8E221B0B0500A03128 /* EventsViewController.swift */; };
		FA900D92221B0B0500A03128 /* Main.storyboard in Resources */ = {isa = PBXBuildFile; fileRef = FA900D90221B0B0500A03128 /* Main.storyboard */; };
		FA900D94221B0B0600A03128 /* Assets.xcassets in Resources */ = {isa = PBXBuildFile; fileRef = FA900D93221B0B0600A03128 /* Assets.xcassets */; };
		FA900D97221B0B0600A03128 /* LaunchScreen.storyboard in Resources */ = {isa = PBXBuildFile; fileRef = FA900D95221B0B0600A03128 /* LaunchScreen.storyboard */; };
		FA900DA2221B0B0600A03128 /* whereToGoAppTests.swift in Sources */ = {isa = PBXBuildFile; fileRef = FA900DA1221B0B0600A03128 /* whereToGoAppTests.swift */; };
		FA900DAD221B0B0600A03128 /* whereToGoAppUITests.swift in Sources */ = {isa = PBXBuildFile; fileRef = FA900DAC221B0B0600A03128 /* whereToGoAppUITests.swift */; };
		FA900DDF2220671700A03128 /* EventsTableViewAdapter.swift in Sources */ = {isa = PBXBuildFile; fileRef = FA900DDE2220671700A03128 /* EventsTableViewAdapter.swift */; };
		FA900DE82220718200A03128 /* TitleCell.swift in Sources */ = {isa = PBXBuildFile; fileRef = FA900DE62220718200A03128 /* TitleCell.swift */; };
		FA900DE92220718200A03128 /* TitleCell.xib in Resources */ = {isa = PBXBuildFile; fileRef = FA900DE72220718200A03128 /* TitleCell.xib */; };
		FA900DEB2220763400A03128 /* Fonts.swift in Sources */ = {isa = PBXBuildFile; fileRef = FA900DEA2220763400A03128 /* Fonts.swift */; };
		FA900DED222078A700A03128 /* Color.swift in Sources */ = {isa = PBXBuildFile; fileRef = FA900DEC222078A700A03128 /* Color.swift */; };
		FA947156232034E5007A6C34 /* PlaceService.swift in Sources */ = {isa = PBXBuildFile; fileRef = FA947155232034E5007A6C34 /* PlaceService.swift */; };
		FA94715823203B12007A6C34 /* City.swift in Sources */ = {isa = PBXBuildFile; fileRef = FA94715723203B12007A6C34 /* City.swift */; };
		FA94715B23204C49007A6C34 /* CitiesViewController.swift in Sources */ = {isa = PBXBuildFile; fileRef = FA94715923204C49007A6C34 /* CitiesViewController.swift */; };
		FA94715C23204C49007A6C34 /* CitiesViewController.xib in Resources */ = {isa = PBXBuildFile; fileRef = FA94715A23204C49007A6C34 /* CitiesViewController.xib */; };
		FA94715E23204CBD007A6C34 /* CitiesTableViewAdapter.swift in Sources */ = {isa = PBXBuildFile; fileRef = FA94715D23204CBD007A6C34 /* CitiesTableViewAdapter.swift */; };
		FA94716123204DDD007A6C34 /* CityCell.swift in Sources */ = {isa = PBXBuildFile; fileRef = FA94715F23204DDD007A6C34 /* CityCell.swift */; };
		FA94716223204DDD007A6C34 /* CityCell.xib in Resources */ = {isa = PBXBuildFile; fileRef = FA94716023204DDD007A6C34 /* CityCell.xib */; };
		FA94716423205647007A6C34 /* SaveFileService.swift in Sources */ = {isa = PBXBuildFile; fileRef = FA94716323205647007A6C34 /* SaveFileService.swift */; };
		FAE486672282E6AA00421E17 /* ResponseDate.swift in Sources */ = {isa = PBXBuildFile; fileRef = FAE486662282E6AA00421E17 /* ResponseDate.swift */; };
		FAE486692282E6D400421E17 /* ResponseImage.swift in Sources */ = {isa = PBXBuildFile; fileRef = FAE486682282E6D400421E17 /* ResponseImage.swift */; };
		FAE4866B2282E71800421E17 /* ResponsePlace.swift in Sources */ = {isa = PBXBuildFile; fileRef = FAE4866A2282E71800421E17 /* ResponsePlace.swift */; };
		FAE4866D2282E77B00421E17 /* ResponseCoordinates.swift in Sources */ = {isa = PBXBuildFile; fileRef = FAE4866C2282E77B00421E17 /* ResponseCoordinates.swift */; };
		FAE6D90D222D432D00D763D0 /* SF-Pro-Text-Bold.ttf in Resources */ = {isa = PBXBuildFile; fileRef = FAE6D90C222D432D00D763D0 /* SF-Pro-Text-Bold.ttf */; };
		FAE6D90F222D482F00D763D0 /* EventsService.swift in Sources */ = {isa = PBXBuildFile; fileRef = FAE6D90E222D482F00D763D0 /* EventsService.swift */; };
		FAE6D911222D69C900D763D0 /* Event.swift in Sources */ = {isa = PBXBuildFile; fileRef = FAE6D910222D69C900D763D0 /* Event.swift */; };
/* End PBXBuildFile section */

/* Begin PBXContainerItemProxy section */
		FA900D9E221B0B0600A03128 /* PBXContainerItemProxy */ = {
			isa = PBXContainerItemProxy;
			containerPortal = FA900D81221B0B0500A03128 /* Project object */;
			proxyType = 1;
			remoteGlobalIDString = FA900D88221B0B0500A03128;
			remoteInfo = whereToGoApp;
		};
		FA900DA9221B0B0600A03128 /* PBXContainerItemProxy */ = {
			isa = PBXContainerItemProxy;
			containerPortal = FA900D81221B0B0500A03128 /* Project object */;
			proxyType = 1;
			remoteGlobalIDString = FA900D88221B0B0500A03128;
			remoteInfo = whereToGoApp;
		};
/* End PBXContainerItemProxy section */

/* Begin PBXFileReference section */
		24AA68A53A187A5AE11A9E23 /* Pods-whereToGoApp.debug.xcconfig */ = {isa = PBXFileReference; includeInIndex = 1; lastKnownFileType = text.xcconfig; name = "Pods-whereToGoApp.debug.xcconfig"; path = "Target Support Files/Pods-whereToGoApp/Pods-whereToGoApp.debug.xcconfig"; sourceTree = "<group>"; };
		DCD864255BEEDCFE7B0D22EA /* Pods-whereToGoApp.release.xcconfig */ = {isa = PBXFileReference; includeInIndex = 1; lastKnownFileType = text.xcconfig; name = "Pods-whereToGoApp.release.xcconfig"; path = "Target Support Files/Pods-whereToGoApp/Pods-whereToGoApp.release.xcconfig"; sourceTree = "<group>"; };
		F2B9F30EB2E063F5F5941EBC /* Pods_whereToGoApp.framework */ = {isa = PBXFileReference; explicitFileType = wrapper.framework; includeInIndex = 0; path = Pods_whereToGoApp.framework; sourceTree = BUILT_PRODUCTS_DIR; };
		FA03B753227D76280071A7E5 /* DetailEventViewController.swift */ = {isa = PBXFileReference; fileEncoding = 4; lastKnownFileType = sourcecode.swift; path = DetailEventViewController.swift; sourceTree = "<group>"; };
		FA3E4B13223BAB310032861B /* SF-Pro-Text-Semibold.ttf */ = {isa = PBXFileReference; lastKnownFileType = file; path = "SF-Pro-Text-Semibold.ttf"; sourceTree = "<group>"; };
		FA3E4B15223C457F0032861B /* DateParser.swift */ = {isa = PBXFileReference; lastKnownFileType = sourcecode.swift; path = DateParser.swift; sourceTree = "<group>"; };
		FA3E4B182240357A0032861B /* UIButtonExtension.swift */ = {isa = PBXFileReference; lastKnownFileType = sourcecode.swift; path = UIButtonExtension.swift; sourceTree = "<group>"; };
		FA4285EF22457DAF00E2607C /* ImageCollectionCell.swift */ = {isa = PBXFileReference; lastKnownFileType = sourcecode.swift; path = ImageCollectionCell.swift; sourceTree = "<group>"; };
		FA4285F022457DAF00E2607C /* ImageCollectionCell.xib */ = {isa = PBXFileReference; lastKnownFileType = file.xib; path = ImageCollectionCell.xib; sourceTree = "<group>"; };
		FA4285F3224580BC00E2607C /* ImageCollectionViewAdapter.swift */ = {isa = PBXFileReference; lastKnownFileType = sourcecode.swift; path = ImageCollectionViewAdapter.swift; sourceTree = "<group>"; };
		FA5D318B22253B3B006A8F2F /* ContentCell.swift */ = {isa = PBXFileReference; lastKnownFileType = sourcecode.swift; path = ContentCell.swift; sourceTree = "<group>"; };
		FA5D318C22253B3B006A8F2F /* ContentCell.xib */ = {isa = PBXFileReference; lastKnownFileType = file.xib; path = ContentCell.xib; sourceTree = "<group>"; };
		FA5D3194222A7366006A8F2F /* SF-Pro-Display-Medium.otf */ = {isa = PBXFileReference; lastKnownFileType = file; path = "SF-Pro-Display-Medium.otf"; sourceTree = "<group>"; };
		FA5D3195222A7366006A8F2F /* SF-Pro-Text-Regular.ttf */ = {isa = PBXFileReference; lastKnownFileType = file; path = "SF-Pro-Text-Regular.ttf"; sourceTree = "<group>"; };
		FA900D89221B0B0500A03128 /* whereToGoApp.app */ = {isa = PBXFileReference; explicitFileType = wrapper.application; includeInIndex = 0; path = whereToGoApp.app; sourceTree = BUILT_PRODUCTS_DIR; };
		FA900D8C221B0B0500A03128 /* AppDelegate.swift */ = {isa = PBXFileReference; lastKnownFileType = sourcecode.swift; path = AppDelegate.swift; sourceTree = "<group>"; };
		FA900D8E221B0B0500A03128 /* EventsViewController.swift */ = {isa = PBXFileReference; lastKnownFileType = sourcecode.swift; path = EventsViewController.swift; sourceTree = "<group>"; };
		FA900D91221B0B0500A03128 /* Base */ = {isa = PBXFileReference; lastKnownFileType = file.storyboard; name = Base; path = Base.lproj/Main.storyboard; sourceTree = "<group>"; };
		FA900D93221B0B0600A03128 /* Assets.xcassets */ = {isa = PBXFileReference; lastKnownFileType = folder.assetcatalog; path = Assets.xcassets; sourceTree = "<group>"; };
		FA900D96221B0B0600A03128 /* Base */ = {isa = PBXFileReference; lastKnownFileType = file.storyboard; name = Base; path = Base.lproj/LaunchScreen.storyboard; sourceTree = "<group>"; };
		FA900D98221B0B0600A03128 /* Info.plist */ = {isa = PBXFileReference; lastKnownFileType = text.plist.xml; path = Info.plist; sourceTree = "<group>"; };
		FA900D9D221B0B0600A03128 /* whereToGoAppTests.xctest */ = {isa = PBXFileReference; explicitFileType = wrapper.cfbundle; includeInIndex = 0; path = whereToGoAppTests.xctest; sourceTree = BUILT_PRODUCTS_DIR; };
		FA900DA1221B0B0600A03128 /* whereToGoAppTests.swift */ = {isa = PBXFileReference; lastKnownFileType = sourcecode.swift; path = whereToGoAppTests.swift; sourceTree = "<group>"; };
		FA900DA3221B0B0600A03128 /* Info.plist */ = {isa = PBXFileReference; lastKnownFileType = text.plist.xml; path = Info.plist; sourceTree = "<group>"; };
		FA900DA8221B0B0600A03128 /* whereToGoAppUITests.xctest */ = {isa = PBXFileReference; explicitFileType = wrapper.cfbundle; includeInIndex = 0; path = whereToGoAppUITests.xctest; sourceTree = BUILT_PRODUCTS_DIR; };
		FA900DAC221B0B0600A03128 /* whereToGoAppUITests.swift */ = {isa = PBXFileReference; lastKnownFileType = sourcecode.swift; path = whereToGoAppUITests.swift; sourceTree = "<group>"; };
		FA900DAE221B0B0600A03128 /* Info.plist */ = {isa = PBXFileReference; lastKnownFileType = text.plist.xml; path = Info.plist; sourceTree = "<group>"; };
		FA900DDE2220671700A03128 /* EventsTableViewAdapter.swift */ = {isa = PBXFileReference; lastKnownFileType = sourcecode.swift; path = EventsTableViewAdapter.swift; sourceTree = "<group>"; };
		FA900DE62220718200A03128 /* TitleCell.swift */ = {isa = PBXFileReference; lastKnownFileType = sourcecode.swift; path = TitleCell.swift; sourceTree = "<group>"; };
		FA900DE72220718200A03128 /* TitleCell.xib */ = {isa = PBXFileReference; lastKnownFileType = file.xib; path = TitleCell.xib; sourceTree = "<group>"; };
		FA900DEA2220763400A03128 /* Fonts.swift */ = {isa = PBXFileReference; lastKnownFileType = sourcecode.swift; path = Fonts.swift; sourceTree = "<group>"; };
		FA900DEC222078A700A03128 /* Color.swift */ = {isa = PBXFileReference; lastKnownFileType = sourcecode.swift; path = Color.swift; sourceTree = "<group>"; };
		FA947155232034E5007A6C34 /* PlaceService.swift */ = {isa = PBXFileReference; lastKnownFileType = sourcecode.swift; path = PlaceService.swift; sourceTree = "<group>"; };
		FA94715723203B12007A6C34 /* City.swift */ = {isa = PBXFileReference; lastKnownFileType = sourcecode.swift; path = City.swift; sourceTree = "<group>"; };
		FA94715923204C49007A6C34 /* CitiesViewController.swift */ = {isa = PBXFileReference; lastKnownFileType = sourcecode.swift; path = CitiesViewController.swift; sourceTree = "<group>"; };
		FA94715A23204C49007A6C34 /* CitiesViewController.xib */ = {isa = PBXFileReference; lastKnownFileType = file.xib; path = CitiesViewController.xib; sourceTree = "<group>"; };
		FA94715D23204CBD007A6C34 /* CitiesTableViewAdapter.swift */ = {isa = PBXFileReference; lastKnownFileType = sourcecode.swift; path = CitiesTableViewAdapter.swift; sourceTree = "<group>"; };
		FA94715F23204DDD007A6C34 /* CityCell.swift */ = {isa = PBXFileReference; lastKnownFileType = sourcecode.swift; path = CityCell.swift; sourceTree = "<group>"; };
		FA94716023204DDD007A6C34 /* CityCell.xib */ = {isa = PBXFileReference; lastKnownFileType = file.xib; path = CityCell.xib; sourceTree = "<group>"; };
		FA94716323205647007A6C34 /* SaveFileService.swift */ = {isa = PBXFileReference; lastKnownFileType = sourcecode.swift; path = SaveFileService.swift; sourceTree = "<group>"; };
		FAE486662282E6AA00421E17 /* ResponseDate.swift */ = {isa = PBXFileReference; lastKnownFileType = sourcecode.swift; path = ResponseDate.swift; sourceTree = "<group>"; };
		FAE486682282E6D400421E17 /* ResponseImage.swift */ = {isa = PBXFileReference; lastKnownFileType = sourcecode.swift; path = ResponseImage.swift; sourceTree = "<group>"; };
		FAE4866A2282E71800421E17 /* ResponsePlace.swift */ = {isa = PBXFileReference; lastKnownFileType = sourcecode.swift; path = ResponsePlace.swift; sourceTree = "<group>"; };
		FAE4866C2282E77B00421E17 /* ResponseCoordinates.swift */ = {isa = PBXFileReference; lastKnownFileType = sourcecode.swift; path = ResponseCoordinates.swift; sourceTree = "<group>"; };
		FAE6D90C222D432D00D763D0 /* SF-Pro-Text-Bold.ttf */ = {isa = PBXFileReference; lastKnownFileType = file; path = "SF-Pro-Text-Bold.ttf"; sourceTree = "<group>"; };
		FAE6D90E222D482F00D763D0 /* EventsService.swift */ = {isa = PBXFileReference; lastKnownFileType = sourcecode.swift; name = EventsService.swift; path = whereToGoApp/Services/EventsService.swift; sourceTree = SOURCE_ROOT; };
		FAE6D910222D69C900D763D0 /* Event.swift */ = {isa = PBXFileReference; lastKnownFileType = sourcecode.swift; path = Event.swift; sourceTree = "<group>"; };
/* End PBXFileReference section */

/* Begin PBXFrameworksBuildPhase section */
		FA900D86221B0B0500A03128 /* Frameworks */ = {
			isa = PBXFrameworksBuildPhase;
			buildActionMask = 2147483647;
			files = (
				8568BDDE30D4B35980722522 /* Pods_whereToGoApp.framework in Frameworks */,
			);
			runOnlyForDeploymentPostprocessing = 0;
		};
		FA900D9A221B0B0600A03128 /* Frameworks */ = {
			isa = PBXFrameworksBuildPhase;
			buildActionMask = 2147483647;
			files = (
			);
			runOnlyForDeploymentPostprocessing = 0;
		};
		FA900DA5221B0B0600A03128 /* Frameworks */ = {
			isa = PBXFrameworksBuildPhase;
			buildActionMask = 2147483647;
			files = (
			);
			runOnlyForDeploymentPostprocessing = 0;
		};
/* End PBXFrameworksBuildPhase section */

/* Begin PBXGroup section */
		1D7197247CAD0085CD82A9EA /* Pods */ = {
			isa = PBXGroup;
			children = (
				24AA68A53A187A5AE11A9E23 /* Pods-whereToGoApp.debug.xcconfig */,
				DCD864255BEEDCFE7B0D22EA /* Pods-whereToGoApp.release.xcconfig */,
			);
			path = Pods;
			sourceTree = "<group>";
		};
		47DDFEF1B36344E14BCAF06B /* Frameworks */ = {
			isa = PBXGroup;
			children = (
				F2B9F30EB2E063F5F5941EBC /* Pods_whereToGoApp.framework */,
			);
			name = Frameworks;
			sourceTree = "<group>";
		};
		FA3E4B172240354B0032861B /* Extensions */ = {
			isa = PBXGroup;
			children = (
				FA3E4B182240357A0032861B /* UIButtonExtension.swift */,
			);
			path = Extensions;
			sourceTree = "<group>";
		};
		FA5D318F22295A3A006A8F2F /* Fonts */ = {
			isa = PBXGroup;
			children = (
				FAE6D90C222D432D00D763D0 /* SF-Pro-Text-Bold.ttf */,
				FA5D3194222A7366006A8F2F /* SF-Pro-Display-Medium.otf */,
				FA5D3195222A7366006A8F2F /* SF-Pro-Text-Regular.ttf */,
				FA3E4B13223BAB310032861B /* SF-Pro-Text-Semibold.ttf */,
			);
			path = Fonts;
			sourceTree = "<group>";
		};
		FA900D80221B0B0500A03128 = {
			isa = PBXGroup;
			children = (
				FA5D318F22295A3A006A8F2F /* Fonts */,
				FA900D8B221B0B0500A03128 /* whereToGoApp */,
				FA900DA0221B0B0600A03128 /* whereToGoAppTests */,
				FA900DAB221B0B0600A03128 /* whereToGoAppUITests */,
				FA900D8A221B0B0500A03128 /* Products */,
				1D7197247CAD0085CD82A9EA /* Pods */,
				47DDFEF1B36344E14BCAF06B /* Frameworks */,
			);
			sourceTree = "<group>";
		};
		FA900D8A221B0B0500A03128 /* Products */ = {
			isa = PBXGroup;
			children = (
				FA900D89221B0B0500A03128 /* whereToGoApp.app */,
				FA900D9D221B0B0600A03128 /* whereToGoAppTests.xctest */,
				FA900DA8221B0B0600A03128 /* whereToGoAppUITests.xctest */,
			);
			name = Products;
			sourceTree = "<group>";
		};
		FA900D8B221B0B0500A03128 /* whereToGoApp */ = {
			isa = PBXGroup;
			children = (
				FA3E4B172240354B0032861B /* Extensions */,
				FAE6D91C2233E03800D763D0 /* Services */,
				FAE6D91B2233E02F00D763D0 /* Models */,
				FA900DE52220714D00A03128 /* Cells */,
				FA900DE422206D4500A03128 /* Application */,
				FA900DE022206CBE00A03128 /* Adapter */,
				FA900DE122206CF200A03128 /* ViewControllers */,
				FA900DE222206D0000A03128 /* View */,
				FA900DE322206D0A00A03128 /* Supporting Files */,
				FA900D90221B0B0500A03128 /* Main.storyboard */,
			);
			path = whereToGoApp;
			sourceTree = "<group>";
		};
		FA900DA0221B0B0600A03128 /* whereToGoAppTests */ = {
			isa = PBXGroup;
			children = (
				FA900DA1221B0B0600A03128 /* whereToGoAppTests.swift */,
				FA900DA3221B0B0600A03128 /* Info.plist */,
			);
			path = whereToGoAppTests;
			sourceTree = "<group>";
		};
		FA900DAB221B0B0600A03128 /* whereToGoAppUITests */ = {
			isa = PBXGroup;
			children = (
				FA900DAC221B0B0600A03128 /* whereToGoAppUITests.swift */,
				FA900DAE221B0B0600A03128 /* Info.plist */,
			);
			path = whereToGoAppUITests;
			sourceTree = "<group>";
		};
		FA900DE022206CBE00A03128 /* Adapter */ = {
			isa = PBXGroup;
			children = (
				FA900DDE2220671700A03128 /* EventsTableViewAdapter.swift */,
				FA4285F3224580BC00E2607C /* ImageCollectionViewAdapter.swift */,
				FA94715D23204CBD007A6C34 /* CitiesTableViewAdapter.swift */,
			);
			path = Adapter;
			sourceTree = "<group>";
		};
		FA900DE122206CF200A03128 /* ViewControllers */ = {
			isa = PBXGroup;
			children = (
				FA03B753227D76280071A7E5 /* DetailEventViewController.swift */,
				FA900D8E221B0B0500A03128 /* EventsViewController.swift */,
				FA94715923204C49007A6C34 /* CitiesViewController.swift */,
				FA94715A23204C49007A6C34 /* CitiesViewController.xib */,
			);
			path = ViewControllers;
			sourceTree = "<group>";
		};
		FA900DE222206D0000A03128 /* View */ = {
			isa = PBXGroup;
			children = (
			);
			path = View;
			sourceTree = "<group>";
		};
		FA900DE322206D0A00A03128 /* Supporting Files */ = {
			isa = PBXGroup;
			children = (
				FA900D93221B0B0600A03128 /* Assets.xcassets */,
				FA900D95221B0B0600A03128 /* LaunchScreen.storyboard */,
				FA900D98221B0B0600A03128 /* Info.plist */,
				FA900DEA2220763400A03128 /* Fonts.swift */,
				FA900DEC222078A700A03128 /* Color.swift */,
				FA3E4B15223C457F0032861B /* DateParser.swift */,
			);
			path = "Supporting Files";
			sourceTree = "<group>";
		};
		FA900DE422206D4500A03128 /* Application */ = {
			isa = PBXGroup;
			children = (
				FA900D8C221B0B0500A03128 /* AppDelegate.swift */,
			);
			path = Application;
			sourceTree = "<group>";
		};
		FA900DE52220714D00A03128 /* Cells */ = {
			isa = PBXGroup;
			children = (
				FA900DE62220718200A03128 /* TitleCell.swift */,
				FA900DE72220718200A03128 /* TitleCell.xib */,
				FA5D318B22253B3B006A8F2F /* ContentCell.swift */,
				FA5D318C22253B3B006A8F2F /* ContentCell.xib */,
				FA4285EF22457DAF00E2607C /* ImageCollectionCell.swift */,
				FA4285F022457DAF00E2607C /* ImageCollectionCell.xib */,
				FA94715F23204DDD007A6C34 /* CityCell.swift */,
				FA94716023204DDD007A6C34 /* CityCell.xib */,
			);
			path = Cells;
			sourceTree = "<group>";
		};
		FAE6D91B2233E02F00D763D0 /* Models */ = {
			isa = PBXGroup;
			children = (
				FAE6D910222D69C900D763D0 /* Event.swift */,
				FAE486662282E6AA00421E17 /* ResponseDate.swift */,
				FAE486682282E6D400421E17 /* ResponseImage.swift */,
				FAE4866A2282E71800421E17 /* ResponsePlace.swift */,
				FAE4866C2282E77B00421E17 /* ResponseCoordinates.swift */,
				FA94715723203B12007A6C34 /* City.swift */,
			);
			path = Models;
			sourceTree = "<group>";
		};
		FAE6D91C2233E03800D763D0 /* Services */ = {
			isa = PBXGroup;
			children = (
				FAE6D90E222D482F00D763D0 /* EventsService.swift */,
				FA947155232034E5007A6C34 /* PlaceService.swift */,
				FA94716323205647007A6C34 /* SaveFileService.swift */,
			);
			path = Services;
			sourceTree = "<group>";
		};
/* End PBXGroup section */

/* Begin PBXNativeTarget section */
		FA900D88221B0B0500A03128 /* whereToGoApp */ = {
			isa = PBXNativeTarget;
			buildConfigurationList = FA900DB1221B0B0600A03128 /* Build configuration list for PBXNativeTarget "whereToGoApp" */;
			buildPhases = (
				38F5B658E97C4AE9E592AF74 /* [CP] Check Pods Manifest.lock */,
				FA900D85221B0B0500A03128 /* Sources */,
				FA900D86221B0B0500A03128 /* Frameworks */,
				FA900D87221B0B0500A03128 /* Resources */,
				6BF77CFE26A7561A68661936 /* [CP] Embed Pods Frameworks */,
			);
			buildRules = (
			);
			dependencies = (
			);
			name = whereToGoApp;
			productName = whereToGoApp;
			productReference = FA900D89221B0B0500A03128 /* whereToGoApp.app */;
			productType = "com.apple.product-type.application";
		};
		FA900D9C221B0B0600A03128 /* whereToGoAppTests */ = {
			isa = PBXNativeTarget;
			buildConfigurationList = FA900DB4221B0B0600A03128 /* Build configuration list for PBXNativeTarget "whereToGoAppTests" */;
			buildPhases = (
				FA900D99221B0B0600A03128 /* Sources */,
				FA900D9A221B0B0600A03128 /* Frameworks */,
				FA900D9B221B0B0600A03128 /* Resources */,
			);
			buildRules = (
			);
			dependencies = (
				FA900D9F221B0B0600A03128 /* PBXTargetDependency */,
			);
			name = whereToGoAppTests;
			productName = whereToGoAppTests;
			productReference = FA900D9D221B0B0600A03128 /* whereToGoAppTests.xctest */;
			productType = "com.apple.product-type.bundle.unit-test";
		};
		FA900DA7221B0B0600A03128 /* whereToGoAppUITests */ = {
			isa = PBXNativeTarget;
			buildConfigurationList = FA900DB7221B0B0600A03128 /* Build configuration list for PBXNativeTarget "whereToGoAppUITests" */;
			buildPhases = (
				FA900DA4221B0B0600A03128 /* Sources */,
				FA900DA5221B0B0600A03128 /* Frameworks */,
				FA900DA6221B0B0600A03128 /* Resources */,
			);
			buildRules = (
			);
			dependencies = (
				FA900DAA221B0B0600A03128 /* PBXTargetDependency */,
			);
			name = whereToGoAppUITests;
			productName = whereToGoAppUITests;
			productReference = FA900DA8221B0B0600A03128 /* whereToGoAppUITests.xctest */;
			productType = "com.apple.product-type.bundle.ui-testing";
		};
/* End PBXNativeTarget section */

/* Begin PBXProject section */
		FA900D81221B0B0500A03128 /* Project object */ = {
			isa = PBXProject;
			attributes = {
				LastSwiftUpdateCheck = 1010;
				LastUpgradeCheck = 1010;
				ORGANIZATIONNAME = "Nickolay Nickitin";
				TargetAttributes = {
					FA900D88221B0B0500A03128 = {
						CreatedOnToolsVersion = 10.1;
						LastSwiftMigration = 1020;
					};
					FA900D9C221B0B0600A03128 = {
						CreatedOnToolsVersion = 10.1;
						LastSwiftMigration = 1020;
						TestTargetID = FA900D88221B0B0500A03128;
					};
					FA900DA7221B0B0600A03128 = {
						CreatedOnToolsVersion = 10.1;
						LastSwiftMigration = 1020;
						TestTargetID = FA900D88221B0B0500A03128;
					};
				};
			};
			buildConfigurationList = FA900D84221B0B0500A03128 /* Build configuration list for PBXProject "whereToGoApp" */;
			compatibilityVersion = "Xcode 9.3";
			developmentRegion = en;
			hasScannedForEncodings = 0;
			knownRegions = (
				en,
				Base,
			);
			mainGroup = FA900D80221B0B0500A03128;
			productRefGroup = FA900D8A221B0B0500A03128 /* Products */;
			projectDirPath = "";
			projectRoot = "";
			targets = (
				FA900D88221B0B0500A03128 /* whereToGoApp */,
				FA900D9C221B0B0600A03128 /* whereToGoAppTests */,
				FA900DA7221B0B0600A03128 /* whereToGoAppUITests */,
			);
		};
/* End PBXProject section */

/* Begin PBXResourcesBuildPhase section */
		FA900D87221B0B0500A03128 /* Resources */ = {
			isa = PBXResourcesBuildPhase;
			buildActionMask = 2147483647;
			files = (
				FA900DE92220718200A03128 /* TitleCell.xib in Resources */,
				FA900D97221B0B0600A03128 /* LaunchScreen.storyboard in Resources */,
				FA3E4B14223BAB310032861B /* SF-Pro-Text-Semibold.ttf in Resources */,
				FAE6D90D222D432D00D763D0 /* SF-Pro-Text-Bold.ttf in Resources */,
				FA5D3197222A7366006A8F2F /* SF-Pro-Text-Regular.ttf in Resources */,
				FA900D94221B0B0600A03128 /* Assets.xcassets in Resources */,
				FA94716223204DDD007A6C34 /* CityCell.xib in Resources */,
				FA900D92221B0B0500A03128 /* Main.storyboard in Resources */,
				FA5D318E22253B3B006A8F2F /* ContentCell.xib in Resources */,
				FA5D3196222A7366006A8F2F /* SF-Pro-Display-Medium.otf in Resources */,
				FA4285F222457DAF00E2607C /* ImageCollectionCell.xib in Resources */,
				FA94715C23204C49007A6C34 /* CitiesViewController.xib in Resources */,
			);
			runOnlyForDeploymentPostprocessing = 0;
		};
		FA900D9B221B0B0600A03128 /* Resources */ = {
			isa = PBXResourcesBuildPhase;
			buildActionMask = 2147483647;
			files = (
			);
			runOnlyForDeploymentPostprocessing = 0;
		};
		FA900DA6221B0B0600A03128 /* Resources */ = {
			isa = PBXResourcesBuildPhase;
			buildActionMask = 2147483647;
			files = (
			);
			runOnlyForDeploymentPostprocessing = 0;
		};
/* End PBXResourcesBuildPhase section */

/* Begin PBXShellScriptBuildPhase section */
		38F5B658E97C4AE9E592AF74 /* [CP] Check Pods Manifest.lock */ = {
			isa = PBXShellScriptBuildPhase;
			buildActionMask = 2147483647;
			files = (
			);
			inputFileListPaths = (
			);
			inputPaths = (
				"${PODS_PODFILE_DIR_PATH}/Podfile.lock",
				"${PODS_ROOT}/Manifest.lock",
			);
			name = "[CP] Check Pods Manifest.lock";
			outputFileListPaths = (
			);
			outputPaths = (
				"$(DERIVED_FILE_DIR)/Pods-whereToGoApp-checkManifestLockResult.txt",
			);
			runOnlyForDeploymentPostprocessing = 0;
			shellPath = /bin/sh;
			shellScript = "diff \"${PODS_PODFILE_DIR_PATH}/Podfile.lock\" \"${PODS_ROOT}/Manifest.lock\" > /dev/null\nif [ $? != 0 ] ; then\n    # print error to STDERR\n    echo \"error: The sandbox is not in sync with the Podfile.lock. Run 'pod install' or update your CocoaPods installation.\" >&2\n    exit 1\nfi\n# This output is used by Xcode 'outputs' to avoid re-running this script phase.\necho \"SUCCESS\" > \"${SCRIPT_OUTPUT_FILE_0}\"\n";
			showEnvVarsInLog = 0;
		};
		6BF77CFE26A7561A68661936 /* [CP] Embed Pods Frameworks */ = {
			isa = PBXShellScriptBuildPhase;
			buildActionMask = 2147483647;
			files = (
			);
			inputFileListPaths = (
			);
			inputPaths = (
				"${PODS_ROOT}/Target Support Files/Pods-whereToGoApp/Pods-whereToGoApp-frameworks.sh",
				"${BUILT_PRODUCTS_DIR}/Alamofire/Alamofire.framework",
				"${BUILT_PRODUCTS_DIR}/AlamofireImage/AlamofireImage.framework",
			);
			name = "[CP] Embed Pods Frameworks";
			outputFileListPaths = (
			);
			outputPaths = (
				"${TARGET_BUILD_DIR}/${FRAMEWORKS_FOLDER_PATH}/Alamofire.framework",
				"${TARGET_BUILD_DIR}/${FRAMEWORKS_FOLDER_PATH}/AlamofireImage.framework",
			);
			runOnlyForDeploymentPostprocessing = 0;
			shellPath = /bin/sh;
			shellScript = "\"${PODS_ROOT}/Target Support Files/Pods-whereToGoApp/Pods-whereToGoApp-frameworks.sh\"\n";
			showEnvVarsInLog = 0;
		};
/* End PBXShellScriptBuildPhase section */

/* Begin PBXSourcesBuildPhase section */
		FA900D85221B0B0500A03128 /* Sources */ = {
			isa = PBXSourcesBuildPhase;
			buildActionMask = 2147483647;
			files = (
				FA94716423205647007A6C34 /* SaveFileService.swift in Sources */,
				FAE4866D2282E77B00421E17 /* ResponseCoordinates.swift in Sources */,
				FA900DE82220718200A03128 /* TitleCell.swift in Sources */,
				FA3E4B16223C457F0032861B /* DateParser.swift in Sources */,
				FA900DEB2220763400A03128 /* Fonts.swift in Sources */,
				FA900D8F221B0B0500A03128 /* EventsViewController.swift in Sources */,
				FAE6D911222D69C900D763D0 /* Event.swift in Sources */,
				FA94715823203B12007A6C34 /* City.swift in Sources */,
				FA03B754227D76280071A7E5 /* DetailEventViewController.swift in Sources */,
				FA94716123204DDD007A6C34 /* CityCell.swift in Sources */,
				FA4285F122457DAF00E2607C /* ImageCollectionCell.swift in Sources */,
				FA4285F4224580BC00E2607C /* ImageCollectionViewAdapter.swift in Sources */,
				FAE6D90F222D482F00D763D0 /* EventsService.swift in Sources */,
				FAE486672282E6AA00421E17 /* ResponseDate.swift in Sources */,
				FA94715B23204C49007A6C34 /* CitiesViewController.swift in Sources */,
				FA900D8D221B0B0500A03128 /* AppDelegate.swift in Sources */,
				FA947156232034E5007A6C34 /* PlaceService.swift in Sources */,
				FA900DDF2220671700A03128 /* EventsTableViewAdapter.swift in Sources */,
				FA3E4B192240357A0032861B /* UIButtonExtension.swift in Sources */,
				FAE4866B2282E71800421E17 /* ResponsePlace.swift in Sources */,
				FA900DED222078A700A03128 /* Color.swift in Sources */,
				FAE486692282E6D400421E17 /* ResponseImage.swift in Sources */,
				FA94715E23204CBD007A6C34 /* CitiesTableViewAdapter.swift in Sources */,
				FA5D318D22253B3B006A8F2F /* ContentCell.swift in Sources */,
			);
			runOnlyForDeploymentPostprocessing = 0;
		};
		FA900D99221B0B0600A03128 /* Sources */ = {
			isa = PBXSourcesBuildPhase;
			buildActionMask = 2147483647;
			files = (
				FA900DA2221B0B0600A03128 /* whereToGoAppTests.swift in Sources */,
			);
			runOnlyForDeploymentPostprocessing = 0;
		};
		FA900DA4221B0B0600A03128 /* Sources */ = {
			isa = PBXSourcesBuildPhase;
			buildActionMask = 2147483647;
			files = (
				FA900DAD221B0B0600A03128 /* whereToGoAppUITests.swift in Sources */,
			);
			runOnlyForDeploymentPostprocessing = 0;
		};
/* End PBXSourcesBuildPhase section */

/* Begin PBXTargetDependency section */
		FA900D9F221B0B0600A03128 /* PBXTargetDependency */ = {
			isa = PBXTargetDependency;
			target = FA900D88221B0B0500A03128 /* whereToGoApp */;
			targetProxy = FA900D9E221B0B0600A03128 /* PBXContainerItemProxy */;
		};
		FA900DAA221B0B0600A03128 /* PBXTargetDependency */ = {
			isa = PBXTargetDependency;
			target = FA900D88221B0B0500A03128 /* whereToGoApp */;
			targetProxy = FA900DA9221B0B0600A03128 /* PBXContainerItemProxy */;
		};
/* End PBXTargetDependency section */

/* Begin PBXVariantGroup section */
		FA900D90221B0B0500A03128 /* Main.storyboard */ = {
			isa = PBXVariantGroup;
			children = (
				FA900D91221B0B0500A03128 /* Base */,
			);
			name = Main.storyboard;
			sourceTree = "<group>";
		};
		FA900D95221B0B0600A03128 /* LaunchScreen.storyboard */ = {
			isa = PBXVariantGroup;
			children = (
				FA900D96221B0B0600A03128 /* Base */,
			);
			name = LaunchScreen.storyboard;
			sourceTree = "<group>";
		};
/* End PBXVariantGroup section */

/* Begin XCBuildConfiguration section */
		FA900DAF221B0B0600A03128 /* Debug */ = {
			isa = XCBuildConfiguration;
			buildSettings = {
				ALWAYS_SEARCH_USER_PATHS = NO;
				CLANG_ANALYZER_NONNULL = YES;
				CLANG_ANALYZER_NUMBER_OBJECT_CONVERSION = YES_AGGRESSIVE;
				CLANG_CXX_LANGUAGE_STANDARD = "gnu++14";
				CLANG_CXX_LIBRARY = "libc++";
				CLANG_ENABLE_MODULES = YES;
				CLANG_ENABLE_OBJC_ARC = YES;
				CLANG_ENABLE_OBJC_WEAK = YES;
				CLANG_WARN_BLOCK_CAPTURE_AUTORELEASING = YES;
				CLANG_WARN_BOOL_CONVERSION = YES;
				CLANG_WARN_COMMA = YES;
				CLANG_WARN_CONSTANT_CONVERSION = YES;
				CLANG_WARN_DEPRECATED_OBJC_IMPLEMENTATIONS = YES;
				CLANG_WARN_DIRECT_OBJC_ISA_USAGE = YES_ERROR;
				CLANG_WARN_DOCUMENTATION_COMMENTS = YES;
				CLANG_WARN_EMPTY_BODY = YES;
				CLANG_WARN_ENUM_CONVERSION = YES;
				CLANG_WARN_INFINITE_RECURSION = YES;
				CLANG_WARN_INT_CONVERSION = YES;
				CLANG_WARN_NON_LITERAL_NULL_CONVERSION = YES;
				CLANG_WARN_OBJC_IMPLICIT_RETAIN_SELF = YES;
				CLANG_WARN_OBJC_LITERAL_CONVERSION = YES;
				CLANG_WARN_OBJC_ROOT_CLASS = YES_ERROR;
				CLANG_WARN_RANGE_LOOP_ANALYSIS = YES;
				CLANG_WARN_STRICT_PROTOTYPES = YES;
				CLANG_WARN_SUSPICIOUS_MOVE = YES;
				CLANG_WARN_UNGUARDED_AVAILABILITY = YES_AGGRESSIVE;
				CLANG_WARN_UNREACHABLE_CODE = YES;
				CLANG_WARN__DUPLICATE_METHOD_MATCH = YES;
				CODE_SIGN_IDENTITY = "iPhone Developer";
				COPY_PHASE_STRIP = NO;
				DEBUG_INFORMATION_FORMAT = dwarf;
				ENABLE_STRICT_OBJC_MSGSEND = YES;
				ENABLE_TESTABILITY = YES;
				GCC_C_LANGUAGE_STANDARD = gnu11;
				GCC_DYNAMIC_NO_PIC = NO;
				GCC_NO_COMMON_BLOCKS = YES;
				GCC_OPTIMIZATION_LEVEL = 0;
				GCC_PREPROCESSOR_DEFINITIONS = (
					"DEBUG=1",
					"$(inherited)",
				);
				GCC_WARN_64_TO_32_BIT_CONVERSION = YES;
				GCC_WARN_ABOUT_RETURN_TYPE = YES_ERROR;
				GCC_WARN_UNDECLARED_SELECTOR = YES;
				GCC_WARN_UNINITIALIZED_AUTOS = YES_AGGRESSIVE;
				GCC_WARN_UNUSED_FUNCTION = YES;
				GCC_WARN_UNUSED_VARIABLE = YES;
				IPHONEOS_DEPLOYMENT_TARGET = 12.1;
				MTL_ENABLE_DEBUG_INFO = INCLUDE_SOURCE;
				MTL_FAST_MATH = YES;
				ONLY_ACTIVE_ARCH = YES;
				SDKROOT = iphoneos;
				SWIFT_ACTIVE_COMPILATION_CONDITIONS = DEBUG;
				SWIFT_OPTIMIZATION_LEVEL = "-Onone";
			};
			name = Debug;
		};
		FA900DB0221B0B0600A03128 /* Release */ = {
			isa = XCBuildConfiguration;
			buildSettings = {
				ALWAYS_SEARCH_USER_PATHS = NO;
				CLANG_ANALYZER_NONNULL = YES;
				CLANG_ANALYZER_NUMBER_OBJECT_CONVERSION = YES_AGGRESSIVE;
				CLANG_CXX_LANGUAGE_STANDARD = "gnu++14";
				CLANG_CXX_LIBRARY = "libc++";
				CLANG_ENABLE_MODULES = YES;
				CLANG_ENABLE_OBJC_ARC = YES;
				CLANG_ENABLE_OBJC_WEAK = YES;
				CLANG_WARN_BLOCK_CAPTURE_AUTORELEASING = YES;
				CLANG_WARN_BOOL_CONVERSION = YES;
				CLANG_WARN_COMMA = YES;
				CLANG_WARN_CONSTANT_CONVERSION = YES;
				CLANG_WARN_DEPRECATED_OBJC_IMPLEMENTATIONS = YES;
				CLANG_WARN_DIRECT_OBJC_ISA_USAGE = YES_ERROR;
				CLANG_WARN_DOCUMENTATION_COMMENTS = YES;
				CLANG_WARN_EMPTY_BODY = YES;
				CLANG_WARN_ENUM_CONVERSION = YES;
				CLANG_WARN_INFINITE_RECURSION = YES;
				CLANG_WARN_INT_CONVERSION = YES;
				CLANG_WARN_NON_LITERAL_NULL_CONVERSION = YES;
				CLANG_WARN_OBJC_IMPLICIT_RETAIN_SELF = YES;
				CLANG_WARN_OBJC_LITERAL_CONVERSION = YES;
				CLANG_WARN_OBJC_ROOT_CLASS = YES_ERROR;
				CLANG_WARN_RANGE_LOOP_ANALYSIS = YES;
				CLANG_WARN_STRICT_PROTOTYPES = YES;
				CLANG_WARN_SUSPICIOUS_MOVE = YES;
				CLANG_WARN_UNGUARDED_AVAILABILITY = YES_AGGRESSIVE;
				CLANG_WARN_UNREACHABLE_CODE = YES;
				CLANG_WARN__DUPLICATE_METHOD_MATCH = YES;
				CODE_SIGN_IDENTITY = "iPhone Developer";
				COPY_PHASE_STRIP = NO;
				DEBUG_INFORMATION_FORMAT = "dwarf-with-dsym";
				ENABLE_NS_ASSERTIONS = NO;
				ENABLE_STRICT_OBJC_MSGSEND = YES;
				GCC_C_LANGUAGE_STANDARD = gnu11;
				GCC_NO_COMMON_BLOCKS = YES;
				GCC_WARN_64_TO_32_BIT_CONVERSION = YES;
				GCC_WARN_ABOUT_RETURN_TYPE = YES_ERROR;
				GCC_WARN_UNDECLARED_SELECTOR = YES;
				GCC_WARN_UNINITIALIZED_AUTOS = YES_AGGRESSIVE;
				GCC_WARN_UNUSED_FUNCTION = YES;
				GCC_WARN_UNUSED_VARIABLE = YES;
				IPHONEOS_DEPLOYMENT_TARGET = 12.1;
				MTL_ENABLE_DEBUG_INFO = NO;
				MTL_FAST_MATH = YES;
				SDKROOT = iphoneos;
				SWIFT_COMPILATION_MODE = wholemodule;
				SWIFT_OPTIMIZATION_LEVEL = "-O";
				VALIDATE_PRODUCT = YES;
			};
			name = Release;
		};
		FA900DB2221B0B0600A03128 /* Debug */ = {
			isa = XCBuildConfiguration;
			baseConfigurationReference = 24AA68A53A187A5AE11A9E23 /* Pods-whereToGoApp.debug.xcconfig */;
			buildSettings = {
				ASSETCATALOG_COMPILER_APPICON_NAME = AppIcon;
				CODE_SIGN_STYLE = Automatic;
				INFOPLIST_FILE = "$(SRCROOT)/whereToGoApp/Supporting Files/Info.plist";
				IPHONEOS_DEPLOYMENT_TARGET = 11.0;
				LD_RUNPATH_SEARCH_PATHS = (
					"$(inherited)",
					"@executable_path/Frameworks",
				);
				PRODUCT_BUNDLE_IDENTIFIER = "-23.whereToGoApp";
				PRODUCT_NAME = "$(TARGET_NAME)";
				SWIFT_VERSION = 5.0;
				TARGETED_DEVICE_FAMILY = 1;
			};
			name = Debug;
		};
		FA900DB3221B0B0600A03128 /* Release */ = {
			isa = XCBuildConfiguration;
			baseConfigurationReference = DCD864255BEEDCFE7B0D22EA /* Pods-whereToGoApp.release.xcconfig */;
			buildSettings = {
				ASSETCATALOG_COMPILER_APPICON_NAME = AppIcon;
				CODE_SIGN_STYLE = Automatic;
				INFOPLIST_FILE = "$(SRCROOT)/whereToGoApp/Supporting Files/Info.plist";
				IPHONEOS_DEPLOYMENT_TARGET = 11.0;
				LD_RUNPATH_SEARCH_PATHS = (
					"$(inherited)",
					"@executable_path/Frameworks",
				);
				PRODUCT_BUNDLE_IDENTIFIER = "-23.whereToGoApp";
				PRODUCT_NAME = "$(TARGET_NAME)";
				SWIFT_VERSION = 5.0;
				TARGETED_DEVICE_FAMILY = 1;
			};
			name = Release;
		};
		FA900DB5221B0B0600A03128 /* Debug */ = {
			isa = XCBuildConfiguration;
			buildSettings = {
				ALWAYS_EMBED_SWIFT_STANDARD_LIBRARIES = YES;
				BUNDLE_LOADER = "$(TEST_HOST)";
				CODE_SIGN_STYLE = Automatic;
				INFOPLIST_FILE = whereToGoAppTests/Info.plist;
				LD_RUNPATH_SEARCH_PATHS = (
					"$(inherited)",
					"@executable_path/Frameworks",
					"@loader_path/Frameworks",
				);
				PRODUCT_BUNDLE_IDENTIFIER = "-23.whereToGoAppTests";
				PRODUCT_NAME = "$(TARGET_NAME)";
				SWIFT_VERSION = 5.0;
				TARGETED_DEVICE_FAMILY = "1,2";
				TEST_HOST = "$(BUILT_PRODUCTS_DIR)/whereToGoApp.app/whereToGoApp";
			};
			name = Debug;
		};
		FA900DB6221B0B0600A03128 /* Release */ = {
			isa = XCBuildConfiguration;
			buildSettings = {
				ALWAYS_EMBED_SWIFT_STANDARD_LIBRARIES = YES;
				BUNDLE_LOADER = "$(TEST_HOST)";
				CODE_SIGN_STYLE = Automatic;
				INFOPLIST_FILE = whereToGoAppTests/Info.plist;
				LD_RUNPATH_SEARCH_PATHS = (
					"$(inherited)",
					"@executable_path/Frameworks",
					"@loader_path/Frameworks",
				);
				PRODUCT_BUNDLE_IDENTIFIER = "-23.whereToGoAppTests";
				PRODUCT_NAME = "$(TARGET_NAME)";
				SWIFT_VERSION = 5.0;
				TARGETED_DEVICE_FAMILY = "1,2";
				TEST_HOST = "$(BUILT_PRODUCTS_DIR)/whereToGoApp.app/whereToGoApp";
			};
			name = Release;
		};
		FA900DB8221B0B0600A03128 /* Debug */ = {
			isa = XCBuildConfiguration;
			buildSettings = {
				ALWAYS_EMBED_SWIFT_STANDARD_LIBRARIES = YES;
				CODE_SIGN_STYLE = Automatic;
				INFOPLIST_FILE = whereToGoAppUITests/Info.plist;
				LD_RUNPATH_SEARCH_PATHS = (
					"$(inherited)",
					"@executable_path/Frameworks",
					"@loader_path/Frameworks",
				);
				PRODUCT_BUNDLE_IDENTIFIER = "-23.whereToGoAppUITests";
				PRODUCT_NAME = "$(TARGET_NAME)";
				SWIFT_VERSION = 5.0;
				TARGETED_DEVICE_FAMILY = "1,2";
				TEST_TARGET_NAME = whereToGoApp;
			};
			name = Debug;
		};
		FA900DB9221B0B0600A03128 /* Release */ = {
			isa = XCBuildConfiguration;
			buildSettings = {
				ALWAYS_EMBED_SWIFT_STANDARD_LIBRARIES = YES;
				CODE_SIGN_STYLE = Automatic;
				INFOPLIST_FILE = whereToGoAppUITests/Info.plist;
				LD_RUNPATH_SEARCH_PATHS = (
					"$(inherited)",
					"@executable_path/Frameworks",
					"@loader_path/Frameworks",
				);
				PRODUCT_BUNDLE_IDENTIFIER = "-23.whereToGoAppUITests";
				PRODUCT_NAME = "$(TARGET_NAME)";
				SWIFT_VERSION = 5.0;
				TARGETED_DEVICE_FAMILY = "1,2";
				TEST_TARGET_NAME = whereToGoApp;
			};
			name = Release;
		};
/* End XCBuildConfiguration section */

/* Begin XCConfigurationList section */
		FA900D84221B0B0500A03128 /* Build configuration list for PBXProject "whereToGoApp" */ = {
			isa = XCConfigurationList;
			buildConfigurations = (
				FA900DAF221B0B0600A03128 /* Debug */,
				FA900DB0221B0B0600A03128 /* Release */,
			);
			defaultConfigurationIsVisible = 0;
			defaultConfigurationName = Release;
		};
		FA900DB1221B0B0600A03128 /* Build configuration list for PBXNativeTarget "whereToGoApp" */ = {
			isa = XCConfigurationList;
			buildConfigurations = (
				FA900DB2221B0B0600A03128 /* Debug */,
				FA900DB3221B0B0600A03128 /* Release */,
			);
			defaultConfigurationIsVisible = 0;
			defaultConfigurationName = Release;
		};
		FA900DB4221B0B0600A03128 /* Build configuration list for PBXNativeTarget "whereToGoAppTests" */ = {
			isa = XCConfigurationList;
			buildConfigurations = (
				FA900DB5221B0B0600A03128 /* Debug */,
				FA900DB6221B0B0600A03128 /* Release */,
			);
			defaultConfigurationIsVisible = 0;
			defaultConfigurationName = Release;
		};
		FA900DB7221B0B0600A03128 /* Build configuration list for PBXNativeTarget "whereToGoAppUITests" */ = {
			isa = XCConfigurationList;
			buildConfigurations = (
				FA900DB8221B0B0600A03128 /* Debug */,
				FA900DB9221B0B0600A03128 /* Release */,
			);
			defaultConfigurationIsVisible = 0;
			defaultConfigurationName = Release;
		};
/* End XCConfigurationList section */
	};
	rootObject = FA900D81221B0B0500A03128 /* Project object */;
}
